// !$*UTF8*$!
{
	archiveVersion = 1;
	classes = {
	};
	objectVersion = 56;
	objects = {

/* Begin PBXBuildFile section */
		889CEACA2B87809C00D88E38 /* Preview Assets.xcassets in Resources */ = {isa = PBXBuildFile; fileRef = 889CEAC92B87809C00D88E38 /* Preview Assets.xcassets */; };
		889CEAD72B8780BB00D88E38 /* PersistentData.swift in Sources */ = {isa = PBXBuildFile; fileRef = 889CEAD02B8780BB00D88E38 /* PersistentData.swift */; };
		889CEAD92B8780BB00D88E38 /* Subs.swift in Sources */ = {isa = PBXBuildFile; fileRef = 889CEAD22B8780BB00D88E38 /* Subs.swift */; };
		889CEADA2B8780BB00D88E38 /* RecoveryManager.swift in Sources */ = {isa = PBXBuildFile; fileRef = 889CEAD32B8780BB00D88E38 /* RecoveryManager.swift */; };
		889CEADB2B8780BB00D88E38 /* AppState.swift in Sources */ = {isa = PBXBuildFile; fileRef = 889CEAD42B8780BB00D88E38 /* AppState.swift */; };
		889CEADC2B8780BB00D88E38 /* SampleData.swift in Sources */ = {isa = PBXBuildFile; fileRef = 889CEAD52B8780BB00D88E38 /* SampleData.swift */; };
		889CEADD2B8780BB00D88E38 /* LogManager.swift in Sources */ = {isa = PBXBuildFile; fileRef = 889CEAD62B8780BB00D88E38 /* LogManager.swift */; };
		889CEB002B8780CC00D88E38 /* Assets.xcassets in Resources */ = {isa = PBXBuildFile; fileRef = 889CEADF2B8780CC00D88E38 /* Assets.xcassets */; };
		889CEB012B8780CC00D88E38 /* ChallengesNavbarView.swift in Sources */ = {isa = PBXBuildFile; fileRef = 889CEAE02B8780CC00D88E38 /* ChallengesNavbarView.swift */; };
		889CEB022B8780CC00D88E38 /* ChallengesScreen.swift in Sources */ = {isa = PBXBuildFile; fileRef = 889CEAE12B8780CC00D88E38 /* ChallengesScreen.swift */; };
		889CEB032B8780CC00D88E38 /* ChallengesToolbarView.swift in Sources */ = {isa = PBXBuildFile; fileRef = 889CEAE22B8780CC00D88E38 /* ChallengesToolbarView.swift */; };
		889CEB062B8780CC00D88E38 /* DetailedChallengeView.swift in Sources */ = {isa = PBXBuildFile; fileRef = 889CEAE52B8780CC00D88E38 /* DetailedChallengeView.swift */; };
		889CEB082B8780CC00D88E38 /* EssentialChallengeView.swift in Sources */ = {isa = PBXBuildFile; fileRef = 889CEAE72B8780CC00D88E38 /* EssentialChallengeView.swift */; };
		889CEB0A2B8780CC00D88E38 /* HintBottomSheetView.swift in Sources */ = {isa = PBXBuildFile; fileRef = 889CEAE92B8780CC00D88E38 /* HintBottomSheetView.swift */; };
		889CEB0C2B8780CC00D88E38 /* InterstitialScreen.swift in Sources */ = {isa = PBXBuildFile; fileRef = 889CEAEB2B8780CC00D88E38 /* InterstitialScreen.swift */; };
		889CEB0E2B8780CC00D88E38 /* OuterShellView.swift in Sources */ = {isa = PBXBuildFile; fileRef = 889CEAED2B8780CC00D88E38 /* OuterShellView.swift */; };
		889CEB102B8780CC00D88E38 /* qandaoApp.swift in Sources */ = {isa = PBXBuildFile; fileRef = 889CEAF02B8780CC00D88E38 /* qandaoApp.swift */; };
		889CEB132B8780CC00D88E38 /* SettingsScreen.swift in Sources */ = {isa = PBXBuildFile; fileRef = 889CEAF32B8780CC00D88E38 /* SettingsScreen.swift */; };
		889CEB172B8780CC00D88E38 /* SupportViews.swift in Sources */ = {isa = PBXBuildFile; fileRef = 889CEAF72B8780CC00D88E38 /* SupportViews.swift */; };
		889CEB182B8780CC00D88E38 /* ThumbsView.swift in Sources */ = {isa = PBXBuildFile; fileRef = 889CEAF82B8780CC00D88E38 /* ThumbsView.swift */; };
		889CEB192B8780CC00D88E38 /* TopicInfoView.swift in Sources */ = {isa = PBXBuildFile; fileRef = 889CEAF92B8780CC00D88E38 /* TopicInfoView.swift */; };
		889CEB1A2B8780CC00D88E38 /* TopicRowView.swift in Sources */ = {isa = PBXBuildFile; fileRef = 889CEAFA2B8780CC00D88E38 /* TopicRowView.swift */; };
		889CEB1B2B8780CC00D88E38 /* TopicsScreen.swift in Sources */ = {isa = PBXBuildFile; fileRef = 889CEAFB2B8780CC00D88E38 /* TopicsScreen.swift */; };
		889CEB1C2B8780CC00D88E38 /* VortexScreenOverlays.swift in Sources */ = {isa = PBXBuildFile; fileRef = 889CEAFC2B8780CC00D88E38 /* VortexScreenOverlays.swift */; };
		889CEB1D2B8780CC00D88E38 /* WebView.swift in Sources */ = {isa = PBXBuildFile; fileRef = 889CEAFD2B8780CC00D88E38 /* WebView.swift */; };
		889CEB202B8A72A900D88E38 /* q20kshare in Frameworks */ = {isa = PBXBuildFile; productRef = 889CEB1F2B8A72A900D88E38 /* q20kshare */; };
		889CEB232B8A734100D88E38 /* ComposableArchitecture in Frameworks */ = {isa = PBXBuildFile; productRef = 889CEB222B8A734100D88E38 /* ComposableArchitecture */; };
		889CEB262B8A739800D88E38 /* Vortex in Frameworks */ = {isa = PBXBuildFile; productRef = 889CEB252B8A739800D88E38 /* Vortex */; };
/* End PBXBuildFile section */

/* Begin PBXFileReference section */
		889CEABF2B87809C00D88E38 /* qandao.app */ = {isa = PBXFileReference; explicitFileType = wrapper.application; includeInIndex = 0; path = qandao.app; sourceTree = BUILT_PRODUCTS_DIR; };
		889CEAC92B87809C00D88E38 /* Preview Assets.xcassets */ = {isa = PBXFileReference; lastKnownFileType = folder.assetcatalog; path = "Preview Assets.xcassets"; sourceTree = "<group>"; };
		889CEAD02B8780BB00D88E38 /* PersistentData.swift */ = {isa = PBXFileReference; fileEncoding = 4; lastKnownFileType = sourcecode.swift; path = PersistentData.swift; sourceTree = "<group>"; };
		889CEAD22B8780BB00D88E38 /* Subs.swift */ = {isa = PBXFileReference; fileEncoding = 4; lastKnownFileType = sourcecode.swift; path = Subs.swift; sourceTree = "<group>"; };
		889CEAD32B8780BB00D88E38 /* RecoveryManager.swift */ = {isa = PBXFileReference; fileEncoding = 4; lastKnownFileType = sourcecode.swift; path = RecoveryManager.swift; sourceTree = "<group>"; };
		889CEAD42B8780BB00D88E38 /* AppState.swift */ = {isa = PBXFileReference; fileEncoding = 4; lastKnownFileType = sourcecode.swift; path = AppState.swift; sourceTree = "<group>"; };
		889CEAD52B8780BB00D88E38 /* SampleData.swift */ = {isa = PBXFileReference; fileEncoding = 4; lastKnownFileType = sourcecode.swift; path = SampleData.swift; sourceTree = "<group>"; };
		889CEAD62B8780BB00D88E38 /* LogManager.swift */ = {isa = PBXFileReference; fileEncoding = 4; lastKnownFileType = sourcecode.swift; path = LogManager.swift; sourceTree = "<group>"; };
		889CEADF2B8780CC00D88E38 /* Assets.xcassets */ = {isa = PBXFileReference; lastKnownFileType = folder.assetcatalog; path = Assets.xcassets; sourceTree = "<group>"; };
		889CEAE02B8780CC00D88E38 /* ChallengesNavbarView.swift */ = {isa = PBXFileReference; fileEncoding = 4; lastKnownFileType = sourcecode.swift; path = ChallengesNavbarView.swift; sourceTree = "<group>"; };
		889CEAE12B8780CC00D88E38 /* ChallengesScreen.swift */ = {isa = PBXFileReference; fileEncoding = 4; lastKnownFileType = sourcecode.swift; path = ChallengesScreen.swift; sourceTree = "<group>"; };
		889CEAE22B8780CC00D88E38 /* ChallengesToolbarView.swift */ = {isa = PBXFileReference; fileEncoding = 4; lastKnownFileType = sourcecode.swift; path = ChallengesToolbarView.swift; sourceTree = "<group>"; };
		889CEAE52B8780CC00D88E38 /* DetailedChallengeView.swift */ = {isa = PBXFileReference; fileEncoding = 4; lastKnownFileType = sourcecode.swift; path = DetailedChallengeView.swift; sourceTree = "<group>"; };
		889CEAE72B8780CC00D88E38 /* EssentialChallengeView.swift */ = {isa = PBXFileReference; fileEncoding = 4; lastKnownFileType = sourcecode.swift; path = EssentialChallengeView.swift; sourceTree = "<group>"; };
		889CEAE92B8780CC00D88E38 /* HintBottomSheetView.swift */ = {isa = PBXFileReference; fileEncoding = 4; lastKnownFileType = sourcecode.swift; path = HintBottomSheetView.swift; sourceTree = "<group>"; };
		889CEAEA2B8780CC00D88E38 /* Info.plist */ = {isa = PBXFileReference; fileEncoding = 4; lastKnownFileType = text.plist.xml; path = Info.plist; sourceTree = "<group>"; };
		889CEAEB2B8780CC00D88E38 /* InterstitialScreen.swift */ = {isa = PBXFileReference; fileEncoding = 4; lastKnownFileType = sourcecode.swift; path = InterstitialScreen.swift; sourceTree = "<group>"; };
		889CEAED2B8780CC00D88E38 /* OuterShellView.swift */ = {isa = PBXFileReference; fileEncoding = 4; lastKnownFileType = sourcecode.swift; path = OuterShellView.swift; sourceTree = "<group>"; };
		889CEAEF2B8780CC00D88E38 /* qanda.entitlements */ = {isa = PBXFileReference; fileEncoding = 4; lastKnownFileType = text.plist.entitlements; path = qanda.entitlements; sourceTree = "<group>"; };
		889CEAF02B8780CC00D88E38 /* qandaoApp.swift */ = {isa = PBXFileReference; fileEncoding = 4; lastKnownFileType = sourcecode.swift; path = qandaoApp.swift; sourceTree = "<group>"; };
		889CEAF32B8780CC00D88E38 /* SettingsScreen.swift */ = {isa = PBXFileReference; fileEncoding = 4; lastKnownFileType = sourcecode.swift; path = SettingsScreen.swift; sourceTree = "<group>"; };
		889CEAF72B8780CC00D88E38 /* SupportViews.swift */ = {isa = PBXFileReference; fileEncoding = 4; lastKnownFileType = sourcecode.swift; path = SupportViews.swift; sourceTree = "<group>"; };
		889CEAF82B8780CC00D88E38 /* ThumbsView.swift */ = {isa = PBXFileReference; fileEncoding = 4; lastKnownFileType = sourcecode.swift; path = ThumbsView.swift; sourceTree = "<group>"; };
		889CEAF92B8780CC00D88E38 /* TopicInfoView.swift */ = {isa = PBXFileReference; fileEncoding = 4; lastKnownFileType = sourcecode.swift; path = TopicInfoView.swift; sourceTree = "<group>"; };
		889CEAFA2B8780CC00D88E38 /* TopicRowView.swift */ = {isa = PBXFileReference; fileEncoding = 4; lastKnownFileType = sourcecode.swift; path = TopicRowView.swift; sourceTree = "<group>"; };
		889CEAFB2B8780CC00D88E38 /* TopicsScreen.swift */ = {isa = PBXFileReference; fileEncoding = 4; lastKnownFileType = sourcecode.swift; path = TopicsScreen.swift; sourceTree = "<group>"; };
		889CEAFC2B8780CC00D88E38 /* VortexScreenOverlays.swift */ = {isa = PBXFileReference; fileEncoding = 4; lastKnownFileType = sourcecode.swift; path = VortexScreenOverlays.swift; sourceTree = "<group>"; };
		889CEAFD2B8780CC00D88E38 /* WebView.swift */ = {isa = PBXFileReference; fileEncoding = 4; lastKnownFileType = sourcecode.swift; path = WebView.swift; sourceTree = "<group>"; };
		889CEB272B8A76C700D88E38 /* qandao.entitlements */ = {isa = PBXFileReference; lastKnownFileType = text.plist.entitlements; path = qandao.entitlements; sourceTree = "<group>"; };
		889CEB282B8A7A4800D88E38 /* README.md */ = {isa = PBXFileReference; lastKnownFileType = net.daringfireball.markdown; path = README.md; sourceTree = "<group>"; };
/* End PBXFileReference section */

/* Begin PBXFrameworksBuildPhase section */
		889CEABC2B87809C00D88E38 /* Frameworks */ = {
			isa = PBXFrameworksBuildPhase;
			buildActionMask = 2147483647;
			files = (
				889CEB232B8A734100D88E38 /* ComposableArchitecture in Frameworks */,
				889CEB202B8A72A900D88E38 /* q20kshare in Frameworks */,
				889CEB262B8A739800D88E38 /* Vortex in Frameworks */,
			);
			runOnlyForDeploymentPostprocessing = 0;
		};
/* End PBXFrameworksBuildPhase section */

/* Begin PBXGroup section */
		889CEAB62B87809C00D88E38 = {
			isa = PBXGroup;
			children = (
				889CEB282B8A7A4800D88E38 /* README.md */,
				889CEAC12B87809C00D88E38 /* qandao */,
				889CEAC02B87809C00D88E38 /* Products */,
			);
			sourceTree = "<group>";
		};
		889CEAC02B87809C00D88E38 /* Products */ = {
			isa = PBXGroup;
			children = (
				889CEABF2B87809C00D88E38 /* qandao.app */,
			);
			name = Products;
			sourceTree = "<group>";
		};
		889CEAC12B87809C00D88E38 /* qandao */ = {
			isa = PBXGroup;
			children = (
				889CEB272B8A76C700D88E38 /* qandao.entitlements */,
				889CEAF02B8780CC00D88E38 /* qandaoApp.swift */,
				889CEAD42B8780BB00D88E38 /* AppState.swift */,
				889CEAD62B8780BB00D88E38 /* LogManager.swift */,
				889CEAD02B8780BB00D88E38 /* PersistentData.swift */,
				889CEAD32B8780BB00D88E38 /* RecoveryManager.swift */,
				889CEAD52B8780BB00D88E38 /* SampleData.swift */,
				889CEAD22B8780BB00D88E38 /* Subs.swift */,
				889CEAFE2B8780CC00D88E38 /* qanda */,
				889CEAC82B87809C00D88E38 /* Preview Content */,
			);
			path = qandao;
			sourceTree = "<group>";
		};
		889CEAC82B87809C00D88E38 /* Preview Content */ = {
			isa = PBXGroup;
			children = (
				889CEAC92B87809C00D88E38 /* Preview Assets.xcassets */,
			);
			path = "Preview Content";
			sourceTree = "<group>";
		};
		889CEAFE2B8780CC00D88E38 /* qanda */ = {
			isa = PBXGroup;
			children = (
				889CEAEF2B8780CC00D88E38 /* qanda.entitlements */,
				889CEAEA2B8780CC00D88E38 /* Info.plist */,
				889CEADF2B8780CC00D88E38 /* Assets.xcassets */,
				889CEAE12B8780CC00D88E38 /* ChallengesScreen.swift */,
				889CEAE02B8780CC00D88E38 /* ChallengesNavbarView.swift */,
				889CEAE22B8780CC00D88E38 /* ChallengesToolbarView.swift */,
				889CEAE52B8780CC00D88E38 /* DetailedChallengeView.swift */,
				889CEAE72B8780CC00D88E38 /* EssentialChallengeView.swift */,
				889CEAE92B8780CC00D88E38 /* HintBottomSheetView.swift */,
				889CEAEB2B8780CC00D88E38 /* InterstitialScreen.swift */,
				889CEAED2B8780CC00D88E38 /* OuterShellView.swift */,
				889CEAF32B8780CC00D88E38 /* SettingsScreen.swift */,
				889CEAF72B8780CC00D88E38 /* SupportViews.swift */,
				889CEAF82B8780CC00D88E38 /* ThumbsView.swift */,
				889CEAF92B8780CC00D88E38 /* TopicInfoView.swift */,
				889CEAFA2B8780CC00D88E38 /* TopicRowView.swift */,
				889CEAFB2B8780CC00D88E38 /* TopicsScreen.swift */,
				889CEAFC2B8780CC00D88E38 /* VortexScreenOverlays.swift */,
				889CEAFD2B8780CC00D88E38 /* WebView.swift */,
			);
			path = qanda;
			sourceTree = "<group>";
		};
/* End PBXGroup section */

/* Begin PBXNativeTarget section */
		889CEABE2B87809C00D88E38 /* qandao */ = {
			isa = PBXNativeTarget;
			buildConfigurationList = 889CEACD2B87809C00D88E38 /* Build configuration list for PBXNativeTarget "qandao" */;
			buildPhases = (
				889CEABB2B87809C00D88E38 /* Sources */,
				889CEABC2B87809C00D88E38 /* Frameworks */,
				889CEABD2B87809C00D88E38 /* Resources */,
			);
			buildRules = (
			);
			dependencies = (
			);
			name = qandao;
			packageProductDependencies = (
				889CEB1F2B8A72A900D88E38 /* q20kshare */,
				889CEB222B8A734100D88E38 /* ComposableArchitecture */,
				889CEB252B8A739800D88E38 /* Vortex */,
			);
			productName = qandao;
			productReference = 889CEABF2B87809C00D88E38 /* qandao.app */;
			productType = "com.apple.product-type.application";
		};
/* End PBXNativeTarget section */

/* Begin PBXProject section */
		889CEAB72B87809C00D88E38 /* Project object */ = {
			isa = PBXProject;
			attributes = {
				BuildIndependentTargetsInParallel = 1;
				LastSwiftUpdateCheck = 1530;
				LastUpgradeCheck = 1530;
				TargetAttributes = {
					889CEABE2B87809C00D88E38 = {
						CreatedOnToolsVersion = 15.3;
					};
				};
			};
			buildConfigurationList = 889CEABA2B87809C00D88E38 /* Build configuration list for PBXProject "qandao" */;
			compatibilityVersion = "Xcode 14.0";
			developmentRegion = en;
			hasScannedForEncodings = 0;
			knownRegions = (
				en,
				Base,
			);
			mainGroup = 889CEAB62B87809C00D88E38;
			packageReferences = (
				889CEB1E2B8A72A900D88E38 /* XCRemoteSwiftPackageReference "q20kshare" */,
				889CEB212B8A734100D88E38 /* XCRemoteSwiftPackageReference "swift-composable-architecture" */,
				889CEB242B8A739800D88E38 /* XCRemoteSwiftPackageReference "Vortex" */,
			);
			productRefGroup = 889CEAC02B87809C00D88E38 /* Products */;
			projectDirPath = "";
			projectRoot = "";
			targets = (
				889CEABE2B87809C00D88E38 /* qandao */,
			);
		};
/* End PBXProject section */

/* Begin PBXResourcesBuildPhase section */
		889CEABD2B87809C00D88E38 /* Resources */ = {
			isa = PBXResourcesBuildPhase;
			buildActionMask = 2147483647;
			files = (
				889CEACA2B87809C00D88E38 /* Preview Assets.xcassets in Resources */,
				889CEB002B8780CC00D88E38 /* Assets.xcassets in Resources */,
			);
			runOnlyForDeploymentPostprocessing = 0;
		};
/* End PBXResourcesBuildPhase section */

/* Begin PBXSourcesBuildPhase section */
		889CEABB2B87809C00D88E38 /* Sources */ = {
			isa = PBXSourcesBuildPhase;
			buildActionMask = 2147483647;
			files = (
				889CEB062B8780CC00D88E38 /* DetailedChallengeView.swift in Sources */,
				889CEB032B8780CC00D88E38 /* ChallengesToolbarView.swift in Sources */,
				889CEADD2B8780BB00D88E38 /* LogManager.swift in Sources */,
				889CEADA2B8780BB00D88E38 /* RecoveryManager.swift in Sources */,
				889CEB1B2B8780CC00D88E38 /* TopicsScreen.swift in Sources */,
				889CEB132B8780CC00D88E38 /* SettingsScreen.swift in Sources */,
				889CEAD72B8780BB00D88E38 /* PersistentData.swift in Sources */,
				889CEB1D2B8780CC00D88E38 /* WebView.swift in Sources */,
				889CEB0C2B8780CC00D88E38 /* InterstitialScreen.swift in Sources */,
				889CEB1A2B8780CC00D88E38 /* TopicRowView.swift in Sources */,
				889CEB012B8780CC00D88E38 /* ChallengesNavbarView.swift in Sources */,
				889CEADB2B8780BB00D88E38 /* AppState.swift in Sources */,
				889CEAD92B8780BB00D88E38 /* Subs.swift in Sources */,
				889CEB0A2B8780CC00D88E38 /* HintBottomSheetView.swift in Sources */,
				889CEB022B8780CC00D88E38 /* ChallengesScreen.swift in Sources */,
				889CEB082B8780CC00D88E38 /* EssentialChallengeView.swift in Sources */,
				889CEB102B8780CC00D88E38 /* qandaoApp.swift in Sources */,
				889CEB192B8780CC00D88E38 /* TopicInfoView.swift in Sources */,
				889CEB182B8780CC00D88E38 /* ThumbsView.swift in Sources */,
				889CEB172B8780CC00D88E38 /* SupportViews.swift in Sources */,
				889CEADC2B8780BB00D88E38 /* SampleData.swift in Sources */,
				889CEB1C2B8780CC00D88E38 /* VortexScreenOverlays.swift in Sources */,
				889CEB0E2B8780CC00D88E38 /* OuterShellView.swift in Sources */,
			);
			runOnlyForDeploymentPostprocessing = 0;
		};
/* End PBXSourcesBuildPhase section */

/* Begin XCBuildConfiguration section */
		889CEACB2B87809C00D88E38 /* Debug */ = {
			isa = XCBuildConfiguration;
			buildSettings = {
				ALWAYS_SEARCH_USER_PATHS = NO;
				ASSETCATALOG_COMPILER_GENERATE_SWIFT_ASSET_SYMBOL_EXTENSIONS = YES;
				CLANG_ANALYZER_NONNULL = YES;
				CLANG_ANALYZER_NUMBER_OBJECT_CONVERSION = YES_AGGRESSIVE;
				CLANG_CXX_LANGUAGE_STANDARD = "gnu++20";
				CLANG_ENABLE_MODULES = YES;
				CLANG_ENABLE_OBJC_ARC = YES;
				CLANG_ENABLE_OBJC_WEAK = YES;
				CLANG_WARN_BLOCK_CAPTURE_AUTORELEASING = YES;
				CLANG_WARN_BOOL_CONVERSION = YES;
				CLANG_WARN_COMMA = YES;
				CLANG_WARN_CONSTANT_CONVERSION = YES;
				CLANG_WARN_DEPRECATED_OBJC_IMPLEMENTATIONS = YES;
				CLANG_WARN_DIRECT_OBJC_ISA_USAGE = YES_ERROR;
				CLANG_WARN_DOCUMENTATION_COMMENTS = YES;
				CLANG_WARN_EMPTY_BODY = YES;
				CLANG_WARN_ENUM_CONVERSION = YES;
				CLANG_WARN_INFINITE_RECURSION = YES;
				CLANG_WARN_INT_CONVERSION = YES;
				CLANG_WARN_NON_LITERAL_NULL_CONVERSION = YES;
				CLANG_WARN_OBJC_IMPLICIT_RETAIN_SELF = YES;
				CLANG_WARN_OBJC_LITERAL_CONVERSION = YES;
				CLANG_WARN_OBJC_ROOT_CLASS = YES_ERROR;
				CLANG_WARN_QUOTED_INCLUDE_IN_FRAMEWORK_HEADER = YES;
				CLANG_WARN_RANGE_LOOP_ANALYSIS = YES;
				CLANG_WARN_STRICT_PROTOTYPES = YES;
				CLANG_WARN_SUSPICIOUS_MOVE = YES;
				CLANG_WARN_UNGUARDED_AVAILABILITY = YES_AGGRESSIVE;
				CLANG_WARN_UNREACHABLE_CODE = YES;
				CLANG_WARN__DUPLICATE_METHOD_MATCH = YES;
				COPY_PHASE_STRIP = NO;
				DEBUG_INFORMATION_FORMAT = dwarf;
				ENABLE_STRICT_OBJC_MSGSEND = YES;
				ENABLE_TESTABILITY = YES;
				ENABLE_USER_SCRIPT_SANDBOXING = YES;
				GCC_C_LANGUAGE_STANDARD = gnu17;
				GCC_DYNAMIC_NO_PIC = NO;
				GCC_NO_COMMON_BLOCKS = YES;
				GCC_OPTIMIZATION_LEVEL = 0;
				GCC_PREPROCESSOR_DEFINITIONS = (
					"DEBUG=1",
					"$(inherited)",
				);
				GCC_WARN_64_TO_32_BIT_CONVERSION = YES;
				GCC_WARN_ABOUT_RETURN_TYPE = YES_ERROR;
				GCC_WARN_UNDECLARED_SELECTOR = YES;
				GCC_WARN_UNINITIALIZED_AUTOS = YES_AGGRESSIVE;
				GCC_WARN_UNUSED_FUNCTION = YES;
				GCC_WARN_UNUSED_VARIABLE = YES;
				IPHONEOS_DEPLOYMENT_TARGET = 17.4;
				LOCALIZATION_PREFERS_STRING_CATALOGS = YES;
				MTL_ENABLE_DEBUG_INFO = INCLUDE_SOURCE;
				MTL_FAST_MATH = YES;
				ONLY_ACTIVE_ARCH = YES;
				SDKROOT = iphoneos;
				SWIFT_ACTIVE_COMPILATION_CONDITIONS = "DEBUG $(inherited)";
				SWIFT_OPTIMIZATION_LEVEL = "-Onone";
			};
			name = Debug;
		};
		889CEACC2B87809C00D88E38 /* Release */ = {
			isa = XCBuildConfiguration;
			buildSettings = {
				ALWAYS_SEARCH_USER_PATHS = NO;
				ASSETCATALOG_COMPILER_GENERATE_SWIFT_ASSET_SYMBOL_EXTENSIONS = YES;
				CLANG_ANALYZER_NONNULL = YES;
				CLANG_ANALYZER_NUMBER_OBJECT_CONVERSION = YES_AGGRESSIVE;
				CLANG_CXX_LANGUAGE_STANDARD = "gnu++20";
				CLANG_ENABLE_MODULES = YES;
				CLANG_ENABLE_OBJC_ARC = YES;
				CLANG_ENABLE_OBJC_WEAK = YES;
				CLANG_WARN_BLOCK_CAPTURE_AUTORELEASING = YES;
				CLANG_WARN_BOOL_CONVERSION = YES;
				CLANG_WARN_COMMA = YES;
				CLANG_WARN_CONSTANT_CONVERSION = YES;
				CLANG_WARN_DEPRECATED_OBJC_IMPLEMENTATIONS = YES;
				CLANG_WARN_DIRECT_OBJC_ISA_USAGE = YES_ERROR;
				CLANG_WARN_DOCUMENTATION_COMMENTS = YES;
				CLANG_WARN_EMPTY_BODY = YES;
				CLANG_WARN_ENUM_CONVERSION = YES;
				CLANG_WARN_INFINITE_RECURSION = YES;
				CLANG_WARN_INT_CONVERSION = YES;
				CLANG_WARN_NON_LITERAL_NULL_CONVERSION = YES;
				CLANG_WARN_OBJC_IMPLICIT_RETAIN_SELF = YES;
				CLANG_WARN_OBJC_LITERAL_CONVERSION = YES;
				CLANG_WARN_OBJC_ROOT_CLASS = YES_ERROR;
				CLANG_WARN_QUOTED_INCLUDE_IN_FRAMEWORK_HEADER = YES;
				CLANG_WARN_RANGE_LOOP_ANALYSIS = YES;
				CLANG_WARN_STRICT_PROTOTYPES = YES;
				CLANG_WARN_SUSPICIOUS_MOVE = YES;
				CLANG_WARN_UNGUARDED_AVAILABILITY = YES_AGGRESSIVE;
				CLANG_WARN_UNREACHABLE_CODE = YES;
				CLANG_WARN__DUPLICATE_METHOD_MATCH = YES;
				COPY_PHASE_STRIP = NO;
				DEBUG_INFORMATION_FORMAT = "dwarf-with-dsym";
				ENABLE_NS_ASSERTIONS = NO;
				ENABLE_STRICT_OBJC_MSGSEND = YES;
				ENABLE_USER_SCRIPT_SANDBOXING = YES;
				GCC_C_LANGUAGE_STANDARD = gnu17;
				GCC_NO_COMMON_BLOCKS = YES;
				GCC_WARN_64_TO_32_BIT_CONVERSION = YES;
				GCC_WARN_ABOUT_RETURN_TYPE = YES_ERROR;
				GCC_WARN_UNDECLARED_SELECTOR = YES;
				GCC_WARN_UNINITIALIZED_AUTOS = YES_AGGRESSIVE;
				GCC_WARN_UNUSED_FUNCTION = YES;
				GCC_WARN_UNUSED_VARIABLE = YES;
				IPHONEOS_DEPLOYMENT_TARGET = 17.4;
				LOCALIZATION_PREFERS_STRING_CATALOGS = YES;
				MTL_ENABLE_DEBUG_INFO = NO;
				MTL_FAST_MATH = YES;
				SDKROOT = iphoneos;
				SWIFT_COMPILATION_MODE = wholemodule;
				VALIDATE_PRODUCT = YES;
			};
			name = Release;
		};
		889CEACE2B87809C00D88E38 /* Debug */ = {
			isa = XCBuildConfiguration;
			buildSettings = {
				ASSETCATALOG_COMPILER_APPICON_NAME = AppIcon;
				ASSETCATALOG_COMPILER_GLOBAL_ACCENT_COLOR_NAME = AccentColor;
				ASSETCATALOG_COMPILER_INCLUDE_ALL_APPICON_ASSETS = YES;
				CODE_SIGN_ENTITLEMENTS = qandao/qandao.entitlements;
				CODE_SIGN_STYLE = Automatic;
				CURRENT_PROJECT_VERSION = 16;
				DEVELOPMENT_ASSET_PATHS = "\"qandao/Preview Content\"";
				DEVELOPMENT_TEAM = NEAY582ME4;
				ENABLE_PREVIEWS = YES;
				GENERATE_INFOPLIST_FILE = YES;
				INFOPLIST_KEY_LSApplicationCategoryType = "public.app-category.entertainment";
				INFOPLIST_KEY_UIApplicationSceneManifest_Generation = YES;
				INFOPLIST_KEY_UIApplicationSupportsIndirectInputEvents = YES;
				INFOPLIST_KEY_UILaunchScreen_Generation = YES;
				INFOPLIST_KEY_UISupportedInterfaceOrientations_iPad = "UIInterfaceOrientationPortrait UIInterfaceOrientationPortraitUpsideDown UIInterfaceOrientationLandscapeLeft UIInterfaceOrientationLandscapeRight";
				INFOPLIST_KEY_UISupportedInterfaceOrientations_iPhone = "UIInterfaceOrientationPortrait UIInterfaceOrientationLandscapeLeft UIInterfaceOrientationLandscapeRight";
				LD_RUNPATH_SEARCH_PATHS = (
					"$(inherited)",
					"@executable_path/Frameworks",
				);
				MARKETING_VERSION = 0.7;
				PRODUCT_BUNDLE_IDENTIFIER = com.billdonner.qandao;
				PRODUCT_NAME = "$(TARGET_NAME)";
				SWIFT_EMIT_LOC_STRINGS = YES;
				SWIFT_VERSION = 5.0;
				TARGETED_DEVICE_FAMILY = "1,2";
			};
			name = Debug;
		};
		889CEACF2B87809C00D88E38 /* Release */ = {
			isa = XCBuildConfiguration;
			buildSettings = {
				ASSETCATALOG_COMPILER_APPICON_NAME = AppIcon;
				ASSETCATALOG_COMPILER_GLOBAL_ACCENT_COLOR_NAME = AccentColor;
				ASSETCATALOG_COMPILER_INCLUDE_ALL_APPICON_ASSETS = YES;
				CODE_SIGN_ENTITLEMENTS = qandao/qandao.entitlements;
				CODE_SIGN_STYLE = Automatic;
				CURRENT_PROJECT_VERSION = 16;
				DEVELOPMENT_ASSET_PATHS = "\"qandao/Preview Content\"";
				DEVELOPMENT_TEAM = NEAY582ME4;
				ENABLE_PREVIEWS = YES;
				GENERATE_INFOPLIST_FILE = YES;
				INFOPLIST_KEY_LSApplicationCategoryType = "public.app-category.entertainment";
				INFOPLIST_KEY_UIApplicationSceneManifest_Generation = YES;
				INFOPLIST_KEY_UIApplicationSupportsIndirectInputEvents = YES;
				INFOPLIST_KEY_UILaunchScreen_Generation = YES;
				INFOPLIST_KEY_UISupportedInterfaceOrientations_iPad = "UIInterfaceOrientationPortrait UIInterfaceOrientationPortraitUpsideDown UIInterfaceOrientationLandscapeLeft UIInterfaceOrientationLandscapeRight";
				INFOPLIST_KEY_UISupportedInterfaceOrientations_iPhone = "UIInterfaceOrientationPortrait UIInterfaceOrientationLandscapeLeft UIInterfaceOrientationLandscapeRight";
				LD_RUNPATH_SEARCH_PATHS = (
					"$(inherited)",
					"@executable_path/Frameworks",
				);
				MARKETING_VERSION = 0.7;
				PRODUCT_BUNDLE_IDENTIFIER = com.billdonner.qandao;
				PRODUCT_NAME = "$(TARGET_NAME)";
				SWIFT_EMIT_LOC_STRINGS = YES;
				SWIFT_VERSION = 5.0;
				TARGETED_DEVICE_FAMILY = "1,2";
			};
			name = Release;
		};
/* End XCBuildConfiguration section */

/* Begin XCConfigurationList section */
		889CEABA2B87809C00D88E38 /* Build configuration list for PBXProject "qandao" */ = {
			isa = XCConfigurationList;
			buildConfigurations = (
				889CEACB2B87809C00D88E38 /* Debug */,
				889CEACC2B87809C00D88E38 /* Release */,
			);
			defaultConfigurationIsVisible = 0;
			defaultConfigurationName = Release;
		};
		889CEACD2B87809C00D88E38 /* Build configuration list for PBXNativeTarget "qandao" */ = {
			isa = XCConfigurationList;
			buildConfigurations = (
				889CEACE2B87809C00D88E38 /* Debug */,
				889CEACF2B87809C00D88E38 /* Release */,
			);
			defaultConfigurationIsVisible = 0;
			defaultConfigurationName = Release;
		};
/* End XCConfigurationList section */

/* Begin XCRemoteSwiftPackageReference section */
		889CEB1E2B8A72A900D88E38 /* XCRemoteSwiftPackageReference "q20kshare" */ = {
			isa = XCRemoteSwiftPackageReference;
			repositoryURL = "https://github.com/billdonner/q20kshare";
			requirement = {
				kind = upToNextMajorVersion;
				minimumVersion = 0.5.25;
			};
		};
		889CEB212B8A734100D88E38 /* XCRemoteSwiftPackageReference "swift-composable-architecture" */ = {
			isa = XCRemoteSwiftPackageReference;
			repositoryURL = "https://github.com/pointfreeco/swift-composable-architecture";
			requirement = {
				kind = upToNextMajorVersion;
				minimumVersion = 1.8.2;
			};
		};
		889CEB242B8A739800D88E38 /* XCRemoteSwiftPackageReference "Vortex" */ = {
			isa = XCRemoteSwiftPackageReference;
			repositoryURL = "https://github.com/twostraws/Vortex";
			requirement = {
				kind = upToNextMajorVersion;
				minimumVersion = 1.0.0;
			};
		};
/* End XCRemoteSwiftPackageReference section */

/* Begin XCSwiftPackageProductDependency section */
		889CEB1F2B8A72A900D88E38 /* q20kshare */ = {
			isa = XCSwiftPackageProductDependency;
			package = 889CEB1E2B8A72A900D88E38 /* XCRemoteSwiftPackageReference "q20kshare" */;
			productName = q20kshare;
		};
		889CEB222B8A734100D88E38 /* ComposableArchitecture */ = {
			isa = XCSwiftPackageProductDependency;
			package = 889CEB212B8A734100D88E38 /* XCRemoteSwiftPackageReference "swift-composable-architecture" */;
			productName = ComposableArchitecture;
		};
		889CEB252B8A739800D88E38 /* Vortex */ = {
			isa = XCSwiftPackageProductDependency;
			package = 889CEB242B8A739800D88E38 /* XCRemoteSwiftPackageReference "Vortex" */;
			productName = Vortex;
		};
/* End XCSwiftPackageProductDependency section */
	};
	rootObject = 889CEAB72B87809C00D88E38 /* Project object */;
}
