// !$*UTF8*$!
{
	archiveVersion = 1;
	classes = {
	};
	objectVersion = 56;
	objects = {

/* Begin PBXBuildFile section */
		882D640D2C7A1D38001F21B0 /* SizePickerView.swift in Sources */ = {isa = PBXBuildFile; fileRef = 882D640C2C7A1D38001F21B0 /* SizePickerView.swift */; };
		8840E1022C810256005AD8BB /* LeaderboardScreen.swift in Sources */ = {isa = PBXBuildFile; fileRef = 8840E1012C810256005AD8BB /* LeaderboardScreen.swift */; };
		88460E642C6F796100D5FA4A /* Preview Assets.xcassets in Resources */ = {isa = PBXBuildFile; fileRef = 88460E392C6F796100D5FA4A /* Preview Assets.xcassets */; };
		88460E652C6F796100D5FA4A /* AllocatorView.swift in Sources */ = {isa = PBXBuildFile; fileRef = 88460E3B2C6F796100D5FA4A /* AllocatorView.swift */; };
		88460E662C6F796100D5FA4A /* AlreadyPlayedView.swift in Sources */ = {isa = PBXBuildFile; fileRef = 88460E3C2C6F796100D5FA4A /* AlreadyPlayedView.swift */; };
		88460E672C6F796100D5FA4A /* ChallengeInfoScreen.swift in Sources */ = {isa = PBXBuildFile; fileRef = 88460E3D2C6F796100D5FA4A /* ChallengeInfoScreen.swift */; };
		88460E682C6F796100D5FA4A /* ContentView.swift in Sources */ = {isa = PBXBuildFile; fileRef = 88460E3E2C6F796100D5FA4A /* ContentView.swift */; };
		88460E692C6F796100D5FA4A /* FreeportSettingsScreen.swift in Sources */ = {isa = PBXBuildFile; fileRef = 88460E3F2C6F796100D5FA4A /* FreeportSettingsScreen.swift */; };
		88460E6A2C6F796100D5FA4A /* GameLogScreen.swift in Sources */ = {isa = PBXBuildFile; fileRef = 88460E402C6F796100D5FA4A /* GameLogScreen.swift */; };
		88460E6B2C6F796100D5FA4A /* GameScreen.swift in Sources */ = {isa = PBXBuildFile; fileRef = 88460E412C6F796100D5FA4A /* GameScreen.swift */; };
		88460E6C2C6F796100D5FA4A /* GameScreenExt.swift in Sources */ = {isa = PBXBuildFile; fileRef = 88460E422C6F796100D5FA4A /* GameScreenExt.swift */; };
		88460E6D2C6F796100D5FA4A /* HowToPlayScreen.swift in Sources */ = {isa = PBXBuildFile; fileRef = 88460E432C6F796100D5FA4A /* HowToPlayScreen.swift */; };
		88460E6E2C6F796100D5FA4A /* MainGridView.swift in Sources */ = {isa = PBXBuildFile; fileRef = 88460E442C6F796100D5FA4A /* MainGridView.swift */; };
		88460E6F2C6F796100D5FA4A /* OnboardingScreen.swift in Sources */ = {isa = PBXBuildFile; fileRef = 88460E452C6F796100D5FA4A /* OnboardingScreen.swift */; };
		88460E702C6F796100D5FA4A /* QandAButtons.swift in Sources */ = {isa = PBXBuildFile; fileRef = 88460E462C6F796100D5FA4A /* QandAButtons.swift */; };
		88460E712C6F796100D5FA4A /* QandAScreen.swift in Sources */ = {isa = PBXBuildFile; fileRef = 88460E472C6F796100D5FA4A /* QandAScreen.swift */; };
		88460E722C6F796100D5FA4A /* QandAScreenExt.swift in Sources */ = {isa = PBXBuildFile; fileRef = 88460E482C6F796100D5FA4A /* QandAScreenExt.swift */; };
		88460E732C6F796100D5FA4A /* QandATopBarView.swift in Sources */ = {isa = PBXBuildFile; fileRef = 88460E492C6F796100D5FA4A /* QandATopBarView.swift */; };
		88460E742C6F796100D5FA4A /* ScoreBarView.swift in Sources */ = {isa = PBXBuildFile; fileRef = 88460E4A2C6F796100D5FA4A /* ScoreBarView.swift */; };
		88460E752C6F796100D5FA4A /* SettingsScreen.swift in Sources */ = {isa = PBXBuildFile; fileRef = 88460E4B2C6F796100D5FA4A /* SettingsScreen.swift */; };
		88460E762C6F796100D5FA4A /* SingleCellView.swift in Sources */ = {isa = PBXBuildFile; fileRef = 88460E4C2C6F796100D5FA4A /* SingleCellView.swift */; };
		88460E772C6F796100D5FA4A /* TopicDetailsView.swift in Sources */ = {isa = PBXBuildFile; fileRef = 88460E4D2C6F796100D5FA4A /* TopicDetailsView.swift */; };
		88460E782C6F796100D5FA4A /* TopicIndexView.swift in Sources */ = {isa = PBXBuildFile; fileRef = 88460E4E2C6F796100D5FA4A /* TopicIndexView.swift */; };
		88460E792C6F796100D5FA4A /* TopicsChooserScreen.swift in Sources */ = {isa = PBXBuildFile; fileRef = 88460E4F2C6F796100D5FA4A /* TopicsChooserScreen.swift */; };
		88460E7A2C6F796100D5FA4A /* TopicSelectorView.swift in Sources */ = {isa = PBXBuildFile; fileRef = 88460E502C6F796100D5FA4A /* TopicSelectorView.swift */; };
		88460E7B2C6F796100D5FA4A /* AnsweredInfo.swift in Sources */ = {isa = PBXBuildFile; fileRef = 88460E522C6F796100D5FA4A /* AnsweredInfo.swift */; };
		88460E7C2C6F796100D5FA4A /* AppColors.swift in Sources */ = {isa = PBXBuildFile; fileRef = 88460E532C6F796100D5FA4A /* AppColors.swift */; };
		88460E7D2C6F796100D5FA4A /* Assets.xcassets in Resources */ = {isa = PBXBuildFile; fileRef = 88460E542C6F796100D5FA4A /* Assets.xcassets */; };
		88460E7E2C6F796100D5FA4A /* ChaMan.swift in Sources */ = {isa = PBXBuildFile; fileRef = 88460E562C6F796100D5FA4A /* ChaMan.swift */; };
		88460E7F2C6F796100D5FA4A /* ChaManExt.swift in Sources */ = {isa = PBXBuildFile; fileRef = 88460E572C6F796100D5FA4A /* ChaManExt.swift */; };
		88460E802C6F796100D5FA4A /* CloudSentiments.swift in Sources */ = {isa = PBXBuildFile; fileRef = 88460E582C6F796100D5FA4A /* CloudSentiments.swift */; };
		88460E812C6F796100D5FA4A /* CustomAlerts.swift in Sources */ = {isa = PBXBuildFile; fileRef = 88460E592C6F796100D5FA4A /* CustomAlerts.swift */; };
		88460E822C6F796100D5FA4A /* GameState.swift in Sources */ = {isa = PBXBuildFile; fileRef = 88460E5A2C6F796100D5FA4A /* GameState.swift */; };
		88460E832C6F796100D5FA4A /* HowToGuts.swift in Sources */ = {isa = PBXBuildFile; fileRef = 88460E5B2C6F796100D5FA4A /* HowToGuts.swift */; };
		88460E852C6F796100D5FA4A /* mainapp.swift in Sources */ = {isa = PBXBuildFile; fileRef = 88460E5D2C6F796100D5FA4A /* mainapp.swift */; };
		88460E862C6F796100D5FA4A /* mocks.swift in Sources */ = {isa = PBXBuildFile; fileRef = 88460E5E2C6F796100D5FA4A /* mocks.swift */; };
		88460E872C6F796100D5FA4A /* structs.swift in Sources */ = {isa = PBXBuildFile; fileRef = 88460E5F2C6F796100D5FA4A /* structs.swift */; };
		88460E882C6F796100D5FA4A /* subs.swift in Sources */ = {isa = PBXBuildFile; fileRef = 88460E602C6F796100D5FA4A /* subs.swift */; };
		88460E892C6F796100D5FA4A /* TopicInfo.swift in Sources */ = {isa = PBXBuildFile; fileRef = 88460E612C6F796100D5FA4A /* TopicInfo.swift */; };
		88460E8A2C6F796100D5FA4A /* WinLose.swift in Sources */ = {isa = PBXBuildFile; fileRef = 88460E622C6F796100D5FA4A /* WinLose.swift */; };
		88460E912C6F798E00D5FA4A /* playdata.json in Resources */ = {isa = PBXBuildFile; fileRef = 88460E902C6F798E00D5FA4A /* playdata.json */; };
		8867F1CA2C724C8800F1D2D6 /* DebugBorderViewModifier.swift in Sources */ = {isa = PBXBuildFile; fileRef = 8867F1C92C724C8800F1D2D6 /* DebugBorderViewModifier.swift */; };
		889CEACA2B87809C00D88E38 /* Preview Assets.xcassets in Resources */ = {isa = PBXBuildFile; fileRef = 889CEAC92B87809C00D88E38 /* Preview Assets.xcassets */; };
		88D3F8492C73DD8E00143B76 /* ContentViewBottomButtons.swift in Sources */ = {isa = PBXBuildFile; fileRef = 88D3F8482C73DD8E00143B76 /* ContentViewBottomButtons.swift */; };
		88D3F84B2C73E3F400143B76 /* HappyGloomyView.swift in Sources */ = {isa = PBXBuildFile; fileRef = 88D3F84A2C73E3F400143B76 /* HappyGloomyView.swift */; };
/* End PBXBuildFile section */

/* Begin PBXFileReference section */
		882D640C2C7A1D38001F21B0 /* SizePickerView.swift */ = {isa = PBXFileReference; lastKnownFileType = sourcecode.swift; path = SizePickerView.swift; sourceTree = "<group>"; };
		8840E1012C810256005AD8BB /* LeaderboardScreen.swift */ = {isa = PBXFileReference; fileEncoding = 4; lastKnownFileType = sourcecode.swift; path = LeaderboardScreen.swift; sourceTree = "<group>"; };
		88460E392C6F796100D5FA4A /* Preview Assets.xcassets */ = {isa = PBXFileReference; lastKnownFileType = folder.assetcatalog; path = "Preview Assets.xcassets"; sourceTree = "<group>"; };
		88460E3B2C6F796100D5FA4A /* AllocatorView.swift */ = {isa = PBXFileReference; fileEncoding = 4; lastKnownFileType = sourcecode.swift; path = AllocatorView.swift; sourceTree = "<group>"; };
		88460E3C2C6F796100D5FA4A /* AlreadyPlayedView.swift */ = {isa = PBXFileReference; fileEncoding = 4; lastKnownFileType = sourcecode.swift; path = AlreadyPlayedView.swift; sourceTree = "<group>"; };
		88460E3D2C6F796100D5FA4A /* ChallengeInfoScreen.swift */ = {isa = PBXFileReference; fileEncoding = 4; lastKnownFileType = sourcecode.swift; path = ChallengeInfoScreen.swift; sourceTree = "<group>"; };
		88460E3E2C6F796100D5FA4A /* ContentView.swift */ = {isa = PBXFileReference; fileEncoding = 4; lastKnownFileType = sourcecode.swift; path = ContentView.swift; sourceTree = "<group>"; };
		88460E3F2C6F796100D5FA4A /* FreeportSettingsScreen.swift */ = {isa = PBXFileReference; fileEncoding = 4; lastKnownFileType = sourcecode.swift; path = FreeportSettingsScreen.swift; sourceTree = "<group>"; };
		88460E402C6F796100D5FA4A /* GameLogScreen.swift */ = {isa = PBXFileReference; fileEncoding = 4; lastKnownFileType = sourcecode.swift; path = GameLogScreen.swift; sourceTree = "<group>"; };
		88460E412C6F796100D5FA4A /* GameScreen.swift */ = {isa = PBXFileReference; fileEncoding = 4; lastKnownFileType = sourcecode.swift; path = GameScreen.swift; sourceTree = "<group>"; };
		88460E422C6F796100D5FA4A /* GameScreenExt.swift */ = {isa = PBXFileReference; fileEncoding = 4; lastKnownFileType = sourcecode.swift; path = GameScreenExt.swift; sourceTree = "<group>"; };
		88460E432C6F796100D5FA4A /* HowToPlayScreen.swift */ = {isa = PBXFileReference; fileEncoding = 4; lastKnownFileType = sourcecode.swift; path = HowToPlayScreen.swift; sourceTree = "<group>"; };
		88460E442C6F796100D5FA4A /* MainGridView.swift */ = {isa = PBXFileReference; fileEncoding = 4; lastKnownFileType = sourcecode.swift; path = MainGridView.swift; sourceTree = "<group>"; };
		88460E452C6F796100D5FA4A /* OnboardingScreen.swift */ = {isa = PBXFileReference; fileEncoding = 4; lastKnownFileType = sourcecode.swift; path = OnboardingScreen.swift; sourceTree = "<group>"; };
		88460E462C6F796100D5FA4A /* QandAButtons.swift */ = {isa = PBXFileReference; fileEncoding = 4; lastKnownFileType = sourcecode.swift; path = QandAButtons.swift; sourceTree = "<group>"; };
		88460E472C6F796100D5FA4A /* QandAScreen.swift */ = {isa = PBXFileReference; fileEncoding = 4; lastKnownFileType = sourcecode.swift; path = QandAScreen.swift; sourceTree = "<group>"; };
		88460E482C6F796100D5FA4A /* QandAScreenExt.swift */ = {isa = PBXFileReference; fileEncoding = 4; lastKnownFileType = sourcecode.swift; path = QandAScreenExt.swift; sourceTree = "<group>"; };
		88460E492C6F796100D5FA4A /* QandATopBarView.swift */ = {isa = PBXFileReference; fileEncoding = 4; lastKnownFileType = sourcecode.swift; path = QandATopBarView.swift; sourceTree = "<group>"; };
		88460E4A2C6F796100D5FA4A /* ScoreBarView.swift */ = {isa = PBXFileReference; fileEncoding = 4; lastKnownFileType = sourcecode.swift; path = ScoreBarView.swift; sourceTree = "<group>"; };
		88460E4B2C6F796100D5FA4A /* SettingsScreen.swift */ = {isa = PBXFileReference; fileEncoding = 4; lastKnownFileType = sourcecode.swift; path = SettingsScreen.swift; sourceTree = "<group>"; };
		88460E4C2C6F796100D5FA4A /* SingleCellView.swift */ = {isa = PBXFileReference; fileEncoding = 4; lastKnownFileType = sourcecode.swift; path = SingleCellView.swift; sourceTree = "<group>"; };
		88460E4D2C6F796100D5FA4A /* TopicDetailsView.swift */ = {isa = PBXFileReference; fileEncoding = 4; lastKnownFileType = sourcecode.swift; path = TopicDetailsView.swift; sourceTree = "<group>"; };
		88460E4E2C6F796100D5FA4A /* TopicIndexView.swift */ = {isa = PBXFileReference; fileEncoding = 4; lastKnownFileType = sourcecode.swift; path = TopicIndexView.swift; sourceTree = "<group>"; };
		88460E4F2C6F796100D5FA4A /* TopicsChooserScreen.swift */ = {isa = PBXFileReference; fileEncoding = 4; lastKnownFileType = sourcecode.swift; path = TopicsChooserScreen.swift; sourceTree = "<group>"; };
		88460E502C6F796100D5FA4A /* TopicSelectorView.swift */ = {isa = PBXFileReference; fileEncoding = 4; lastKnownFileType = sourcecode.swift; path = TopicSelectorView.swift; sourceTree = "<group>"; };
		88460E522C6F796100D5FA4A /* AnsweredInfo.swift */ = {isa = PBXFileReference; fileEncoding = 4; lastKnownFileType = sourcecode.swift; path = AnsweredInfo.swift; sourceTree = "<group>"; };
		88460E532C6F796100D5FA4A /* AppColors.swift */ = {isa = PBXFileReference; fileEncoding = 4; lastKnownFileType = sourcecode.swift; path = AppColors.swift; sourceTree = "<group>"; };
		88460E542C6F796100D5FA4A /* Assets.xcassets */ = {isa = PBXFileReference; lastKnownFileType = folder.assetcatalog; path = Assets.xcassets; sourceTree = "<group>"; };
		88460E562C6F796100D5FA4A /* ChaMan.swift */ = {isa = PBXFileReference; fileEncoding = 4; lastKnownFileType = sourcecode.swift; path = ChaMan.swift; sourceTree = "<group>"; };
		88460E572C6F796100D5FA4A /* ChaManExt.swift */ = {isa = PBXFileReference; fileEncoding = 4; lastKnownFileType = sourcecode.swift; path = ChaManExt.swift; sourceTree = "<group>"; };
		88460E582C6F796100D5FA4A /* CloudSentiments.swift */ = {isa = PBXFileReference; fileEncoding = 4; lastKnownFileType = sourcecode.swift; path = CloudSentiments.swift; sourceTree = "<group>"; };
		88460E592C6F796100D5FA4A /* CustomAlerts.swift */ = {isa = PBXFileReference; fileEncoding = 4; lastKnownFileType = sourcecode.swift; path = CustomAlerts.swift; sourceTree = "<group>"; };
		88460E5A2C6F796100D5FA4A /* GameState.swift */ = {isa = PBXFileReference; fileEncoding = 4; lastKnownFileType = sourcecode.swift; path = GameState.swift; sourceTree = "<group>"; };
		88460E5B2C6F796100D5FA4A /* HowToGuts.swift */ = {isa = PBXFileReference; fileEncoding = 4; lastKnownFileType = sourcecode.swift; path = HowToGuts.swift; sourceTree = "<group>"; };
		88460E5D2C6F796100D5FA4A /* mainapp.swift */ = {isa = PBXFileReference; fileEncoding = 4; lastKnownFileType = sourcecode.swift; path = mainapp.swift; sourceTree = "<group>"; };
		88460E5E2C6F796100D5FA4A /* mocks.swift */ = {isa = PBXFileReference; fileEncoding = 4; lastKnownFileType = sourcecode.swift; path = mocks.swift; sourceTree = "<group>"; };
		88460E5F2C6F796100D5FA4A /* structs.swift */ = {isa = PBXFileReference; fileEncoding = 4; lastKnownFileType = sourcecode.swift; path = structs.swift; sourceTree = "<group>"; };
		88460E602C6F796100D5FA4A /* subs.swift */ = {isa = PBXFileReference; fileEncoding = 4; lastKnownFileType = sourcecode.swift; path = subs.swift; sourceTree = "<group>"; };
		88460E612C6F796100D5FA4A /* TopicInfo.swift */ = {isa = PBXFileReference; fileEncoding = 4; lastKnownFileType = sourcecode.swift; path = TopicInfo.swift; sourceTree = "<group>"; };
		88460E622C6F796100D5FA4A /* WinLose.swift */ = {isa = PBXFileReference; fileEncoding = 4; lastKnownFileType = sourcecode.swift; path = WinLose.swift; sourceTree = "<group>"; };
		88460E8B2C6F797400D5FA4A /* basicTests.swift */ = {isa = PBXFileReference; lastKnownFileType = sourcecode.swift; path = basicTests.swift; sourceTree = "<group>"; };
		88460E8C2C6F797400D5FA4A /* ChaManTests.swift */ = {isa = PBXFileReference; lastKnownFileType = sourcecode.swift; path = ChaManTests.swift; sourceTree = "<group>"; };
		88460E8D2C6F797400D5FA4A /* playg.swift */ = {isa = PBXFileReference; lastKnownFileType = sourcecode.swift; path = playg.swift; sourceTree = "<group>"; };
		88460E8E2C6F797400D5FA4A /* qdemoTests.swift */ = {isa = PBXFileReference; lastKnownFileType = sourcecode.swift; path = qdemoTests.swift; sourceTree = "<group>"; };
		88460E902C6F798E00D5FA4A /* playdata.json */ = {isa = PBXFileReference; fileEncoding = 4; lastKnownFileType = text.json; path = playdata.json; sourceTree = "<group>"; };
		88460E962C71567F00D5FA4A /* Info.plist */ = {isa = PBXFileReference; fileEncoding = 4; lastKnownFileType = text.plist.xml; path = Info.plist; sourceTree = "<group>"; };
		8867F1C92C724C8800F1D2D6 /* DebugBorderViewModifier.swift */ = {isa = PBXFileReference; lastKnownFileType = sourcecode.swift; path = DebugBorderViewModifier.swift; sourceTree = "<group>"; };
		889CEABF2B87809C00D88E38 /* qandao.app */ = {isa = PBXFileReference; explicitFileType = wrapper.application; includeInIndex = 0; path = qandao.app; sourceTree = BUILT_PRODUCTS_DIR; };
		889CEAC92B87809C00D88E38 /* Preview Assets.xcassets */ = {isa = PBXFileReference; lastKnownFileType = folder.assetcatalog; path = "Preview Assets.xcassets"; sourceTree = "<group>"; };
		889CEAEF2B8780CC00D88E38 /* qanda.entitlements */ = {isa = PBXFileReference; fileEncoding = 4; lastKnownFileType = text.plist.entitlements; path = qanda.entitlements; sourceTree = "<group>"; };
		889CEB272B8A76C700D88E38 /* qandao.entitlements */ = {isa = PBXFileReference; lastKnownFileType = text.plist.entitlements; path = qandao.entitlements; sourceTree = "<group>"; };
		889CEB282B8A7A4800D88E38 /* README.md */ = {isa = PBXFileReference; lastKnownFileType = net.daringfireball.markdown; path = README.md; sourceTree = "<group>"; };
		88D3F8482C73DD8E00143B76 /* ContentViewBottomButtons.swift */ = {isa = PBXFileReference; lastKnownFileType = sourcecode.swift; path = ContentViewBottomButtons.swift; sourceTree = "<group>"; };
		88D3F84A2C73E3F400143B76 /* HappyGloomyView.swift */ = {isa = PBXFileReference; lastKnownFileType = sourcecode.swift; path = HappyGloomyView.swift; sourceTree = "<group>"; };
/* End PBXFileReference section */

/* Begin PBXFrameworksBuildPhase section */
		889CEABC2B87809C00D88E38 /* Frameworks */ = {
			isa = PBXFrameworksBuildPhase;
			buildActionMask = 2147483647;
			files = (
			);
			runOnlyForDeploymentPostprocessing = 0;
		};
/* End PBXFrameworksBuildPhase section */

/* Begin PBXGroup section */
		88460E3A2C6F796100D5FA4A /* Preview Content */ = {
			isa = PBXGroup;
			children = (
				88460E392C6F796100D5FA4A /* Preview Assets.xcassets */,
			);
			path = "Preview Content";
			sourceTree = "<group>";
		};
		88460E512C6F796100D5FA4A /* Views */ = {
			isa = PBXGroup;
			children = (
				88460E3B2C6F796100D5FA4A /* AllocatorView.swift */,
				88460E3C2C6F796100D5FA4A /* AlreadyPlayedView.swift */,
				88460E3D2C6F796100D5FA4A /* ChallengeInfoScreen.swift */,
				88460E3E2C6F796100D5FA4A /* ContentView.swift */,
				88D3F8482C73DD8E00143B76 /* ContentViewBottomButtons.swift */,
				8867F1C92C724C8800F1D2D6 /* DebugBorderViewModifier.swift */,
				88460E3F2C6F796100D5FA4A /* FreeportSettingsScreen.swift */,
				88460E402C6F796100D5FA4A /* GameLogScreen.swift */,
				88460E412C6F796100D5FA4A /* GameScreen.swift */,
				88460E422C6F796100D5FA4A /* GameScreenExt.swift */,
				88D3F84A2C73E3F400143B76 /* HappyGloomyView.swift */,
				88460E432C6F796100D5FA4A /* HowToPlayScreen.swift */,
				8840E1012C810256005AD8BB /* LeaderboardScreen.swift */,
				88460E442C6F796100D5FA4A /* MainGridView.swift */,
				88460E452C6F796100D5FA4A /* OnboardingScreen.swift */,
				88460E462C6F796100D5FA4A /* QandAButtons.swift */,
				88460E472C6F796100D5FA4A /* QandAScreen.swift */,
				88460E482C6F796100D5FA4A /* QandAScreenExt.swift */,
				88460E492C6F796100D5FA4A /* QandATopBarView.swift */,
				88460E4A2C6F796100D5FA4A /* ScoreBarView.swift */,
				88460E4B2C6F796100D5FA4A /* SettingsScreen.swift */,
				88460E4C2C6F796100D5FA4A /* SingleCellView.swift */,
				882D640C2C7A1D38001F21B0 /* SizePickerView.swift */,
				88460E4D2C6F796100D5FA4A /* TopicDetailsView.swift */,
				88460E4E2C6F796100D5FA4A /* TopicIndexView.swift */,
				88460E4F2C6F796100D5FA4A /* TopicsChooserScreen.swift */,
				88460E502C6F796100D5FA4A /* TopicSelectorView.swift */,
			);
			path = Views;
			sourceTree = "<group>";
		};
		88460E632C6F796100D5FA4A /* basic */ = {
			isa = PBXGroup;
			children = (
				88460E962C71567F00D5FA4A /* Info.plist */,
				88460E3A2C6F796100D5FA4A /* Preview Content */,
				88460E512C6F796100D5FA4A /* Views */,
				88460E522C6F796100D5FA4A /* AnsweredInfo.swift */,
				88460E532C6F796100D5FA4A /* AppColors.swift */,
				88460E542C6F796100D5FA4A /* Assets.xcassets */,
				88460E562C6F796100D5FA4A /* ChaMan.swift */,
				88460E572C6F796100D5FA4A /* ChaManExt.swift */,
				88460E582C6F796100D5FA4A /* CloudSentiments.swift */,
				88460E592C6F796100D5FA4A /* CustomAlerts.swift */,
				88460E5A2C6F796100D5FA4A /* GameState.swift */,
				88460E5B2C6F796100D5FA4A /* HowToGuts.swift */,
				88460E5D2C6F796100D5FA4A /* mainapp.swift */,
				88460E5E2C6F796100D5FA4A /* mocks.swift */,
				88460E5F2C6F796100D5FA4A /* structs.swift */,
				88460E602C6F796100D5FA4A /* subs.swift */,
				88460E612C6F796100D5FA4A /* TopicInfo.swift */,
				88460E622C6F796100D5FA4A /* WinLose.swift */,
			);
			path = basic;
			sourceTree = "<group>";
		};
		88460E8F2C6F797400D5FA4A /* basicTests */ = {
			isa = PBXGroup;
			children = (
				88460E8B2C6F797400D5FA4A /* basicTests.swift */,
				88460E8C2C6F797400D5FA4A /* ChaManTests.swift */,
				88460E8D2C6F797400D5FA4A /* playg.swift */,
				88460E8E2C6F797400D5FA4A /* qdemoTests.swift */,
			);
			path = basicTests;
			sourceTree = "<group>";
		};
		889CEAB62B87809C00D88E38 = {
			isa = PBXGroup;
			children = (
				889CEB282B8A7A4800D88E38 /* README.md */,
				88460E902C6F798E00D5FA4A /* playdata.json */,
				889CEAC12B87809C00D88E38 /* qandao */,
				889CEAC02B87809C00D88E38 /* Products */,
			);
			sourceTree = "<group>";
		};
		889CEAC02B87809C00D88E38 /* Products */ = {
			isa = PBXGroup;
			children = (
				889CEABF2B87809C00D88E38 /* qandao.app */,
			);
			name = Products;
			sourceTree = "<group>";
		};
		889CEAC12B87809C00D88E38 /* qandao */ = {
			isa = PBXGroup;
			children = (
				889CEB272B8A76C700D88E38 /* qandao.entitlements */,
				88460E8F2C6F797400D5FA4A /* basicTests */,
				88460E632C6F796100D5FA4A /* basic */,
				889CEAFE2B8780CC00D88E38 /* qanda */,
				889CEAC82B87809C00D88E38 /* Preview Content */,
			);
			path = qandao;
			sourceTree = "<group>";
		};
		889CEAC82B87809C00D88E38 /* Preview Content */ = {
			isa = PBXGroup;
			children = (
				889CEAC92B87809C00D88E38 /* Preview Assets.xcassets */,
			);
			path = "Preview Content";
			sourceTree = "<group>";
		};
		889CEAFE2B8780CC00D88E38 /* qanda */ = {
			isa = PBXGroup;
			children = (
				889CEAEF2B8780CC00D88E38 /* qanda.entitlements */,
			);
			path = qanda;
			sourceTree = "<group>";
		};
/* End PBXGroup section */

/* Begin PBXNativeTarget section */
		889CEABE2B87809C00D88E38 /* qandao */ = {
			isa = PBXNativeTarget;
			buildConfigurationList = 889CEACD2B87809C00D88E38 /* Build configuration list for PBXNativeTarget "qandao" */;
			buildPhases = (
				889CEABB2B87809C00D88E38 /* Sources */,
				889CEABC2B87809C00D88E38 /* Frameworks */,
				889CEABD2B87809C00D88E38 /* Resources */,
			);
			buildRules = (
			);
			dependencies = (
			);
			name = qandao;
			packageProductDependencies = (
			);
			productName = qandao;
			productReference = 889CEABF2B87809C00D88E38 /* qandao.app */;
			productType = "com.apple.product-type.application";
		};
/* End PBXNativeTarget section */

/* Begin PBXProject section */
		889CEAB72B87809C00D88E38 /* Project object */ = {
			isa = PBXProject;
			attributes = {
				BuildIndependentTargetsInParallel = 1;
				LastSwiftUpdateCheck = 1530;
				LastUpgradeCheck = 1530;
				TargetAttributes = {
					889CEABE2B87809C00D88E38 = {
						CreatedOnToolsVersion = 15.3;
					};
				};
			};
			buildConfigurationList = 889CEABA2B87809C00D88E38 /* Build configuration list for PBXProject "qandao" */;
			compatibilityVersion = "Xcode 14.0";
			developmentRegion = en;
			hasScannedForEncodings = 0;
			knownRegions = (
				en,
				Base,
			);
			mainGroup = 889CEAB62B87809C00D88E38;
			packageReferences = (
			);
			productRefGroup = 889CEAC02B87809C00D88E38 /* Products */;
			projectDirPath = "";
			projectRoot = "";
			targets = (
				889CEABE2B87809C00D88E38 /* qandao */,
			);
		};
/* End PBXProject section */

/* Begin PBXResourcesBuildPhase section */
		889CEABD2B87809C00D88E38 /* Resources */ = {
			isa = PBXResourcesBuildPhase;
			buildActionMask = 2147483647;
			files = (
				889CEACA2B87809C00D88E38 /* Preview Assets.xcassets in Resources */,
				88460E642C6F796100D5FA4A /* Preview Assets.xcassets in Resources */,
				88460E7D2C6F796100D5FA4A /* Assets.xcassets in Resources */,
				88460E912C6F798E00D5FA4A /* playdata.json in Resources */,
			);
			runOnlyForDeploymentPostprocessing = 0;
		};
/* End PBXResourcesBuildPhase section */

/* Begin PBXSourcesBuildPhase section */
		889CEABB2B87809C00D88E38 /* Sources */ = {
			isa = PBXSourcesBuildPhase;
			buildActionMask = 2147483647;
			files = (
				88460E732C6F796100D5FA4A /* QandATopBarView.swift in Sources */,
				88460E7E2C6F796100D5FA4A /* ChaMan.swift in Sources */,
				88460E782C6F796100D5FA4A /* TopicIndexView.swift in Sources */,
				88460E862C6F796100D5FA4A /* mocks.swift in Sources */,
				88460E6F2C6F796100D5FA4A /* OnboardingScreen.swift in Sources */,
				88460E872C6F796100D5FA4A /* structs.swift in Sources */,
				88460E662C6F796100D5FA4A /* AlreadyPlayedView.swift in Sources */,
				88460E6C2C6F796100D5FA4A /* GameScreenExt.swift in Sources */,
				88460E762C6F796100D5FA4A /* SingleCellView.swift in Sources */,
				88460E772C6F796100D5FA4A /* TopicDetailsView.swift in Sources */,
				88460E892C6F796100D5FA4A /* TopicInfo.swift in Sources */,
				88460E722C6F796100D5FA4A /* QandAScreenExt.swift in Sources */,
				88460E692C6F796100D5FA4A /* FreeportSettingsScreen.swift in Sources */,
				88460E882C6F796100D5FA4A /* subs.swift in Sources */,
				88460E822C6F796100D5FA4A /* GameState.swift in Sources */,
				88460E672C6F796100D5FA4A /* ChallengeInfoScreen.swift in Sources */,
				88460E682C6F796100D5FA4A /* ContentView.swift in Sources */,
				88460E7B2C6F796100D5FA4A /* AnsweredInfo.swift in Sources */,
				88460E6A2C6F796100D5FA4A /* GameLogScreen.swift in Sources */,
				88460E792C6F796100D5FA4A /* TopicsChooserScreen.swift in Sources */,
				88460E7F2C6F796100D5FA4A /* ChaManExt.swift in Sources */,
				88460E742C6F796100D5FA4A /* ScoreBarView.swift in Sources */,
				88460E832C6F796100D5FA4A /* HowToGuts.swift in Sources */,
				88460E6B2C6F796100D5FA4A /* GameScreen.swift in Sources */,
				88D3F84B2C73E3F400143B76 /* HappyGloomyView.swift in Sources */,
				88460E752C6F796100D5FA4A /* SettingsScreen.swift in Sources */,
				8867F1CA2C724C8800F1D2D6 /* DebugBorderViewModifier.swift in Sources */,
				8840E1022C810256005AD8BB /* LeaderboardScreen.swift in Sources */,
				882D640D2C7A1D38001F21B0 /* SizePickerView.swift in Sources */,
				88460E652C6F796100D5FA4A /* AllocatorView.swift in Sources */,
				88460E802C6F796100D5FA4A /* CloudSentiments.swift in Sources */,
				88460E7A2C6F796100D5FA4A /* TopicSelectorView.swift in Sources */,
				88460E712C6F796100D5FA4A /* QandAScreen.swift in Sources */,
				88460E812C6F796100D5FA4A /* CustomAlerts.swift in Sources */,
				88460E702C6F796100D5FA4A /* QandAButtons.swift in Sources */,
				88460E7C2C6F796100D5FA4A /* AppColors.swift in Sources */,
				88460E6D2C6F796100D5FA4A /* HowToPlayScreen.swift in Sources */,
				88460E8A2C6F796100D5FA4A /* WinLose.swift in Sources */,
				88D3F8492C73DD8E00143B76 /* ContentViewBottomButtons.swift in Sources */,
				88460E6E2C6F796100D5FA4A /* MainGridView.swift in Sources */,
				88460E852C6F796100D5FA4A /* mainapp.swift in Sources */,
			);
			runOnlyForDeploymentPostprocessing = 0;
		};
/* End PBXSourcesBuildPhase section */

/* Begin XCBuildConfiguration section */
		889CEACB2B87809C00D88E38 /* Debug */ = {
			isa = XCBuildConfiguration;
			buildSettings = {
				ALWAYS_SEARCH_USER_PATHS = NO;
				ASSETCATALOG_COMPILER_GENERATE_SWIFT_ASSET_SYMBOL_EXTENSIONS = YES;
				CLANG_ANALYZER_NONNULL = YES;
				CLANG_ANALYZER_NUMBER_OBJECT_CONVERSION = YES_AGGRESSIVE;
				CLANG_CXX_LANGUAGE_STANDARD = "gnu++20";
				CLANG_ENABLE_MODULES = YES;
				CLANG_ENABLE_OBJC_ARC = YES;
				CLANG_ENABLE_OBJC_WEAK = YES;
				CLANG_WARN_BLOCK_CAPTURE_AUTORELEASING = YES;
				CLANG_WARN_BOOL_CONVERSION = YES;
				CLANG_WARN_COMMA = YES;
				CLANG_WARN_CONSTANT_CONVERSION = YES;
				CLANG_WARN_DEPRECATED_OBJC_IMPLEMENTATIONS = YES;
				CLANG_WARN_DIRECT_OBJC_ISA_USAGE = YES_ERROR;
				CLANG_WARN_DOCUMENTATION_COMMENTS = YES;
				CLANG_WARN_EMPTY_BODY = YES;
				CLANG_WARN_ENUM_CONVERSION = YES;
				CLANG_WARN_INFINITE_RECURSION = YES;
				CLANG_WARN_INT_CONVERSION = YES;
				CLANG_WARN_NON_LITERAL_NULL_CONVERSION = YES;
				CLANG_WARN_OBJC_IMPLICIT_RETAIN_SELF = YES;
				CLANG_WARN_OBJC_LITERAL_CONVERSION = YES;
				CLANG_WARN_OBJC_ROOT_CLASS = YES_ERROR;
				CLANG_WARN_QUOTED_INCLUDE_IN_FRAMEWORK_HEADER = YES;
				CLANG_WARN_RANGE_LOOP_ANALYSIS = YES;
				CLANG_WARN_STRICT_PROTOTYPES = YES;
				CLANG_WARN_SUSPICIOUS_MOVE = YES;
				CLANG_WARN_UNGUARDED_AVAILABILITY = YES_AGGRESSIVE;
				CLANG_WARN_UNREACHABLE_CODE = YES;
				CLANG_WARN__DUPLICATE_METHOD_MATCH = YES;
				COPY_PHASE_STRIP = NO;
				DEBUG_INFORMATION_FORMAT = dwarf;
				ENABLE_STRICT_OBJC_MSGSEND = YES;
				ENABLE_TESTABILITY = YES;
				ENABLE_USER_SCRIPT_SANDBOXING = YES;
				GCC_C_LANGUAGE_STANDARD = gnu17;
				GCC_DYNAMIC_NO_PIC = NO;
				GCC_NO_COMMON_BLOCKS = YES;
				GCC_OPTIMIZATION_LEVEL = 0;
				GCC_PREPROCESSOR_DEFINITIONS = (
					"DEBUG=1",
					"$(inherited)",
				);
				GCC_WARN_64_TO_32_BIT_CONVERSION = YES;
				GCC_WARN_ABOUT_RETURN_TYPE = YES_ERROR;
				GCC_WARN_UNDECLARED_SELECTOR = YES;
				GCC_WARN_UNINITIALIZED_AUTOS = YES_AGGRESSIVE;
				GCC_WARN_UNUSED_FUNCTION = YES;
				GCC_WARN_UNUSED_VARIABLE = YES;
				IPHONEOS_DEPLOYMENT_TARGET = 17.4;
				LOCALIZATION_PREFERS_STRING_CATALOGS = YES;
				MTL_ENABLE_DEBUG_INFO = INCLUDE_SOURCE;
				MTL_FAST_MATH = YES;
				ONLY_ACTIVE_ARCH = YES;
				SDKROOT = iphoneos;
				SWIFT_ACTIVE_COMPILATION_CONDITIONS = "DEBUG $(inherited)";
				SWIFT_OPTIMIZATION_LEVEL = "-Onone";
			};
			name = Debug;
		};
		889CEACC2B87809C00D88E38 /* Release */ = {
			isa = XCBuildConfiguration;
			buildSettings = {
				ALWAYS_SEARCH_USER_PATHS = NO;
				ASSETCATALOG_COMPILER_GENERATE_SWIFT_ASSET_SYMBOL_EXTENSIONS = YES;
				CLANG_ANALYZER_NONNULL = YES;
				CLANG_ANALYZER_NUMBER_OBJECT_CONVERSION = YES_AGGRESSIVE;
				CLANG_CXX_LANGUAGE_STANDARD = "gnu++20";
				CLANG_ENABLE_MODULES = YES;
				CLANG_ENABLE_OBJC_ARC = YES;
				CLANG_ENABLE_OBJC_WEAK = YES;
				CLANG_WARN_BLOCK_CAPTURE_AUTORELEASING = YES;
				CLANG_WARN_BOOL_CONVERSION = YES;
				CLANG_WARN_COMMA = YES;
				CLANG_WARN_CONSTANT_CONVERSION = YES;
				CLANG_WARN_DEPRECATED_OBJC_IMPLEMENTATIONS = YES;
				CLANG_WARN_DIRECT_OBJC_ISA_USAGE = YES_ERROR;
				CLANG_WARN_DOCUMENTATION_COMMENTS = YES;
				CLANG_WARN_EMPTY_BODY = YES;
				CLANG_WARN_ENUM_CONVERSION = YES;
				CLANG_WARN_INFINITE_RECURSION = YES;
				CLANG_WARN_INT_CONVERSION = YES;
				CLANG_WARN_NON_LITERAL_NULL_CONVERSION = YES;
				CLANG_WARN_OBJC_IMPLICIT_RETAIN_SELF = YES;
				CLANG_WARN_OBJC_LITERAL_CONVERSION = YES;
				CLANG_WARN_OBJC_ROOT_CLASS = YES_ERROR;
				CLANG_WARN_QUOTED_INCLUDE_IN_FRAMEWORK_HEADER = YES;
				CLANG_WARN_RANGE_LOOP_ANALYSIS = YES;
				CLANG_WARN_STRICT_PROTOTYPES = YES;
				CLANG_WARN_SUSPICIOUS_MOVE = YES;
				CLANG_WARN_UNGUARDED_AVAILABILITY = YES_AGGRESSIVE;
				CLANG_WARN_UNREACHABLE_CODE = YES;
				CLANG_WARN__DUPLICATE_METHOD_MATCH = YES;
				COPY_PHASE_STRIP = NO;
				DEBUG_INFORMATION_FORMAT = "dwarf-with-dsym";
				ENABLE_NS_ASSERTIONS = NO;
				ENABLE_STRICT_OBJC_MSGSEND = YES;
				ENABLE_USER_SCRIPT_SANDBOXING = YES;
				GCC_C_LANGUAGE_STANDARD = gnu17;
				GCC_NO_COMMON_BLOCKS = YES;
				GCC_WARN_64_TO_32_BIT_CONVERSION = YES;
				GCC_WARN_ABOUT_RETURN_TYPE = YES_ERROR;
				GCC_WARN_UNDECLARED_SELECTOR = YES;
				GCC_WARN_UNINITIALIZED_AUTOS = YES_AGGRESSIVE;
				GCC_WARN_UNUSED_FUNCTION = YES;
				GCC_WARN_UNUSED_VARIABLE = YES;
				IPHONEOS_DEPLOYMENT_TARGET = 17.4;
				LOCALIZATION_PREFERS_STRING_CATALOGS = YES;
				MTL_ENABLE_DEBUG_INFO = NO;
				MTL_FAST_MATH = YES;
				SDKROOT = iphoneos;
				SWIFT_COMPILATION_MODE = wholemodule;
				VALIDATE_PRODUCT = YES;
			};
			name = Release;
		};
		889CEACE2B87809C00D88E38 /* Debug */ = {
			isa = XCBuildConfiguration;
			buildSettings = {
				ASSETCATALOG_COMPILER_APPICON_NAME = AppIcon;
				ASSETCATALOG_COMPILER_GLOBAL_ACCENT_COLOR_NAME = AccentColor;
				ASSETCATALOG_COMPILER_INCLUDE_ALL_APPICON_ASSETS = YES;
				CODE_SIGN_ENTITLEMENTS = qandao/qandao.entitlements;
				CODE_SIGN_STYLE = Automatic;
				CURRENT_PROJECT_VERSION = 31.4;
				DEVELOPMENT_ASSET_PATHS = "\"qandao/Preview Content\"";
				DEVELOPMENT_TEAM = NEAY582ME4;
				ENABLE_PREVIEWS = YES;
				GENERATE_INFOPLIST_FILE = YES;
				"INFOPLIST_FILE[sdk=*]" = qandao/basic/info.plist;
				INFOPLIST_KEY_LSApplicationCategoryType = "public.app-category.entertainment";
				INFOPLIST_KEY_UIApplicationSceneManifest_Generation = YES;
				INFOPLIST_KEY_UIApplicationSupportsIndirectInputEvents = YES;
				INFOPLIST_KEY_UILaunchScreen_Generation = YES;
				INFOPLIST_KEY_UISupportedInterfaceOrientations_iPad = "UIInterfaceOrientationPortrait UIInterfaceOrientationPortraitUpsideDown UIInterfaceOrientationLandscapeLeft UIInterfaceOrientationLandscapeRight";
				INFOPLIST_KEY_UISupportedInterfaceOrientations_iPhone = "UIInterfaceOrientationPortrait UIInterfaceOrientationLandscapeLeft UIInterfaceOrientationLandscapeRight";
				LD_RUNPATH_SEARCH_PATHS = (
					"$(inherited)",
					"@executable_path/Frameworks",
				);
				MARKETING_VERSION = 0.7;
				PRODUCT_BUNDLE_IDENTIFIER = com.billdonner.qandao;
				PRODUCT_NAME = "$(TARGET_NAME)";
				SWIFT_EMIT_LOC_STRINGS = YES;
				SWIFT_VERSION = 5.0;
				TARGETED_DEVICE_FAMILY = "1,2";
			};
			name = Debug;
		};
		889CEACF2B87809C00D88E38 /* Release */ = {
			isa = XCBuildConfiguration;
			buildSettings = {
				ASSETCATALOG_COMPILER_APPICON_NAME = AppIcon;
				ASSETCATALOG_COMPILER_GLOBAL_ACCENT_COLOR_NAME = AccentColor;
				ASSETCATALOG_COMPILER_INCLUDE_ALL_APPICON_ASSETS = YES;
				CODE_SIGN_ENTITLEMENTS = qandao/qandao.entitlements;
				CODE_SIGN_STYLE = Automatic;
				CURRENT_PROJECT_VERSION = 31.4;
				DEVELOPMENT_ASSET_PATHS = "\"qandao/Preview Content\"";
				DEVELOPMENT_TEAM = NEAY582ME4;
				ENABLE_PREVIEWS = YES;
				GENERATE_INFOPLIST_FILE = YES;
				INFOPLIST_FILE = qandao/basic/info.plist;
				INFOPLIST_KEY_LSApplicationCategoryType = "public.app-category.entertainment";
				INFOPLIST_KEY_UIApplicationSceneManifest_Generation = YES;
				INFOPLIST_KEY_UIApplicationSupportsIndirectInputEvents = YES;
				INFOPLIST_KEY_UILaunchScreen_Generation = YES;
				INFOPLIST_KEY_UISupportedInterfaceOrientations_iPad = "UIInterfaceOrientationPortrait UIInterfaceOrientationPortraitUpsideDown UIInterfaceOrientationLandscapeLeft UIInterfaceOrientationLandscapeRight";
				INFOPLIST_KEY_UISupportedInterfaceOrientations_iPhone = "UIInterfaceOrientationPortrait UIInterfaceOrientationLandscapeLeft UIInterfaceOrientationLandscapeRight";
				LD_RUNPATH_SEARCH_PATHS = (
					"$(inherited)",
					"@executable_path/Frameworks",
				);
				MARKETING_VERSION = 0.7;
				PRODUCT_BUNDLE_IDENTIFIER = com.billdonner.qandao;
				PRODUCT_NAME = "$(TARGET_NAME)";
				SWIFT_EMIT_LOC_STRINGS = YES;
				SWIFT_VERSION = 5.0;
				TARGETED_DEVICE_FAMILY = "1,2";
			};
			name = Release;
		};
/* End XCBuildConfiguration section */

/* Begin XCConfigurationList section */
		889CEABA2B87809C00D88E38 /* Build configuration list for PBXProject "qandao" */ = {
			isa = XCConfigurationList;
			buildConfigurations = (
				889CEACB2B87809C00D88E38 /* Debug */,
				889CEACC2B87809C00D88E38 /* Release */,
			);
			defaultConfigurationIsVisible = 0;
			defaultConfigurationName = Release;
		};
		889CEACD2B87809C00D88E38 /* Build configuration list for PBXNativeTarget "qandao" */ = {
			isa = XCConfigurationList;
			buildConfigurations = (
				889CEACE2B87809C00D88E38 /* Debug */,
				889CEACF2B87809C00D88E38 /* Release */,
			);
			defaultConfigurationIsVisible = 0;
			defaultConfigurationName = Release;
		};
/* End XCConfigurationList section */
	};
	rootObject = 889CEAB72B87809C00D88E38 /* Project object */;
}
